
Microsoft Visual Studio Solution File, Format Version 12.00
# Visual Studio Version 17
VisualStudioVersion = 17.0.31903.59
MinimumVisualStudioVersion = 10.0.40219.1
Project("{FAE04EC0-301F-11D3-BF4B-00C04F79EFBC}") = "Ci_Project", "Ci_Project\Ci_Project.csproj", "{933681FE-44FA-47A4-B0F5-A3145C21E605}"
EndProject
Project("{FAE04EC0-301F-11D3-BF4B-00C04F79EFBC}") = "Ci_Project.Entities", "Ci_Project.Entities\Ci_Project.Entities.csproj", "{A7B0F7AB-BA92-4377-A348-895EB507CE73}"
EndProject
Project("{FAE04EC0-301F-11D3-BF4B-00C04F79EFBC}") = "Ci_Project.Repository", "Ci_Project.Repository\Ci_Project.Repository.csproj", "{C4CB13D7-798C-4C34-B236-135EFC8B2D8F}"
EndProject
Global
	GlobalSection(SolutionConfigurationPlatforms) = preSolution
		Debug|Any CPU = Debug|Any CPU
		Release|Any CPU = Release|Any CPU
	EndGlobalSection
	GlobalSection(ProjectConfigurationPlatforms) = postSolution
		{933681FE-44FA-47A4-B0F5-A3145C21E605}.Debug|Any CPU.ActiveCfg = Debug|Any CPU
		{933681FE-44FA-47A4-B0F5-A3145C21E605}.Debug|Any CPU.Build.0 = Debug|Any CPU
		{933681FE-44FA-47A4-B0F5-A3145C21E605}.Release|Any CPU.ActiveCfg = Release|Any CPU
		{933681FE-44FA-47A4-B0F5-A3145C21E605}.Release|Any CPU.Build.0 = Release|Any CPU
		{A7B0F7AB-BA92-4377-A348-895EB507CE73}.Debug|Any CPU.ActiveCfg = Debug|Any CPU
		{A7B0F7AB-BA92-4377-A348-895EB507CE73}.Debug|Any CPU.Build.0 = Debug|Any CPU
		{A7B0F7AB-BA92-4377-A348-895EB507CE73}.Release|Any CPU.ActiveCfg = Release|Any CPU
		{A7B0F7AB-BA92-4377-A348-895EB507CE73}.Release|Any CPU.Build.0 = Release|Any CPU
		{C4CB13D7-798C-4C34-B236-135EFC8B2D8F}.Debug|Any CPU.ActiveCfg = Debug|Any CPU
		{C4CB13D7-798C-4C34-B236-135EFC8B2D8F}.Debug|Any CPU.Build.0 = Debug|Any CPU
		{C4CB13D7-798C-4C34-B236-135EFC8B2D8F}.Release|Any CPU.ActiveCfg = Release|Any CPU
		{C4CB13D7-798C-4C34-B236-135EFC8B2D8F}.Release|Any CPU.Build.0 = Release|Any CPU
	EndGlobalSection
	GlobalSection(SolutionProperties) = preSolution
		HideSolutionNode = FALSE
	EndGlobalSection
	GlobalSection(ExtensibilityGlobals) = postSolution
		SolutionGuid = {4AB05CED-0A22-4859-AF6A-5643C95BF81A}
	EndGlobalSection
EndGlobal
